{
  "version": 4,
  "terraform_version": "1.13.5",
  "serial": 19,
  "lineage": "7950d501-f22b-75a9-2d47-cb6e50859d49",
  "outputs": {},
  "resources": [
    {
      "mode": "managed",
      "type": "local_file",
      "name": "tf_example1",
      "provider": "provider[\"registry.terraform.io/hashicorp/local\"]",
      "instances": [
        {
          "schema_version": 0,
          "attributes": {
            "content": "Pradeep is a good engineer",
            "content_base64": null,
            "content_base64sha256": "4lTQum3K9OMUxqpDnSyjRSsxs9s3sxhcTfyrgBkOITY=",
            "content_base64sha512": "0t5jEOlQyCzG3/p93OcvMOCCpABHsVKH2O/aj9Y8yc/djHTK6fEOJEM93pEFR4DjGPt8jaeHfEnNWuZa3QmEOg==",
            "content_md5": "1af1cf402e503adf7406f1a43ddf3729",
            "content_sha1": "ad536ebf2483381f9643b2b4327860547a68a1e4",
            "content_sha256": "e254d0ba6dcaf4e314c6aa439d2ca3452b31b3db37b3185c4dfcab80190e2136",
            "content_sha512": "d2de6310e950c82cc6dffa7ddce72f30e082a40047b15287d8efda8fd63cc9cfdd8c74cae9f10e24433dde91054780e318fb7c8da7877c49cd5ae65add09843a",
            "directory_permission": "0777",
            "file_permission": "0777",
            "filename": "C:\\Users\\Pradeep Reddy\\Documents\\terraform_hands_on\\01_basics\\example1.txt",
            "id": "ad536ebf2483381f9643b2b4327860547a68a1e4",
            "sensitive_content": null,
            "source": null
          },
          "sensitive_attributes": [
            [
              {
                "type": "get_attr",
                "value": "sensitive_content"
              }
            ]
          ],
          "identity_schema_version": 0
        }
      ]
    },
    {
      "mode": "managed",
      "type": "local_sensitive_file",
      "name": "tf_example2",
      "provider": "provider[\"registry.terraform.io/hashicorp/local\"]",
      "instances": [
        {
          "schema_version": 0,
          "attributes": {
            "content": "this is sensitive info",
            "content_base64": null,
            "content_base64sha256": "o384DtWClkzT23ivU3TlCyqmEga7jfMDxq3yS7WHktQ=",
            "content_base64sha512": "p0Y7DpPDHMpX0d110asZBWTg4gBdiWPJ2Ehw9MYQWAeletZzUgmsmuYAYTVnGyb6442wU8iZKrVian9uatgkhw==",
            "content_md5": "49f9a7e12615e2238a6070f90cc2f120",
            "content_sha1": "04cee276fccf3cdf65e04005d74a6c0ecf1a3dbc",
            "content_sha256": "a37f380ed582964cd3db78af5374e50b2aa61206bb8df303c6adf24bb58792d4",
            "content_sha512": "a7463b0e93c31cca57d1dd75d1ab190564e0e2005d8963c9d84870f4c6105807a57ad6735209ac9ae6006135671b26fae38db053c8992ab5626a7f6e6ad82487",
            "directory_permission": "0700",
            "file_permission": "0700",
            "filename": "./sensitive.txt",
            "id": "04cee276fccf3cdf65e04005d74a6c0ecf1a3dbc",
            "source": null
          },
          "sensitive_attributes": [
            [
              {
                "type": "get_attr",
                "value": "content"
              }
            ],
            [
              {
                "type": "get_attr",
                "value": "content_base64"
              }
            ]
          ],
          "identity_schema_version": 0
        }
      ]
    }
  ],
  "check_results": null
}
